
Microsoft Visual Studio Solution File, Format Version 12.00
# Visual Studio Version 16
VisualStudioVersion = 16.0.30406.217
MinimumVisualStudioVersion = 10.0.40219.1
Project("{9A19103F-16F7-4668-BE54-9A1E7A4F7556}") = "HW5C2", "HW5C2.csproj", "{13068043-2DF9-4B75-B36F-6AACC4404078}"
EndProject
Global
	GlobalSection(SolutionConfigurationPlatforms) = preSolution
		Debug|Any CPU = Debug|Any CPU
		Release|Any CPU = Release|Any CPU
	EndGlobalSection
	GlobalSection(ProjectConfigurationPlatforms) = postSolution
		{13068043-2DF9-4B75-B36F-6AACC4404078}.Debug|Any CPU.ActiveCfg = Debug|Any CPU
		{13068043-2DF9-4B75-B36F-6AACC4404078}.Debug|Any CPU.Build.0 = Debug|Any CPU
		{13068043-2DF9-4B75-B36F-6AACC4404078}.Release|Any CPU.ActiveCfg = Release|Any CPU
		{13068043-2DF9-4B75-B36F-6AACC4404078}.Release|Any CPU.Build.0 = Release|Any CPU
	EndGlobalSection
	GlobalSection(SolutionProperties) = preSolution
		HideSolutionNode = FALSE
	EndGlobalSection
	GlobalSection(ExtensibilityGlobals) = postSolution
		SolutionGuid = {313E5D4F-2321-48F9-A554-B86A62E64CE9}
	EndGlobalSection
EndGlobal
